
Microsoft Visual Studio Solution File, Format Version 12.00
# Visual Studio Version 16
VisualStudioVersion = 16.0.30804.86
MinimumVisualStudioVersion = 10.0.40219.1
Project("{E24C65DC-7377-472B-9ABA-BC803B73C61A}") = "Chat_Application", "E:\Others\PROJECT\Chat_Application\", "{26451290-85C3-4BB4-9C78-6E7D741552F1}"
	ProjectSection(WebsiteProperties) = preProject
		TargetFrameworkMoniker = ".NETFramework,Version%3Dv4.0"
		Debug.AspNetCompiler.VirtualPath = "/localhost_64915"
		Debug.AspNetCompiler.PhysicalPath = "E:\Others\PROJECT\Chat_Application\"
		Debug.AspNetCompiler.TargetPath = "PrecompiledWeb\localhost_64915\"
		Debug.AspNetCompiler.Updateable = "true"
		Debug.AspNetCompiler.ForceOverwrite = "true"
		Debug.AspNetCompiler.FixedNames = "false"
		Debug.AspNetCompiler.Debug = "True"
		Release.AspNetCompiler.VirtualPath = "/localhost_64915"
		Release.AspNetCompiler.PhysicalPath = "E:\Others\PROJECT\Chat_Application\"
		Release.AspNetCompiler.TargetPath = "PrecompiledWeb\localhost_64915\"
		Release.AspNetCompiler.Updateable = "true"
		Release.AspNetCompiler.ForceOverwrite = "true"
		Release.AspNetCompiler.FixedNames = "false"
		Release.AspNetCompiler.Debug = "False"
		VWDPort = "64915"
	EndProjectSection
EndProject
Global
	GlobalSection(SolutionConfigurationPlatforms) = preSolution
		Debug|Any CPU = Debug|Any CPU
	EndGlobalSection
	GlobalSection(ProjectConfigurationPlatforms) = postSolution
		{26451290-85C3-4BB4-9C78-6E7D741552F1}.Debug|Any CPU.ActiveCfg = Debug|Any CPU
		{26451290-85C3-4BB4-9C78-6E7D741552F1}.Debug|Any CPU.Build.0 = Debug|Any CPU
	EndGlobalSection
	GlobalSection(SolutionProperties) = preSolution
		HideSolutionNode = FALSE
	EndGlobalSection
	GlobalSection(ExtensibilityGlobals) = postSolution
		SolutionGuid = {FB6D6E0B-818D-4D03-9A44-B164E3C7F93F}
	EndGlobalSection
EndGlobal
